
Microsoft Visual Studio Solution File, Format Version 12.00
# Visual Studio Version 16
VisualStudioVersion = 16.0.30621.155
MinimumVisualStudioVersion = 10.0.40219.1
Project("{FAE04EC0-301F-11D3-BF4B-00C04F79EFBC}") = "Cinema 8", "Cinema 8\Cinema 8.csproj", "{7CD7D853-BDB0-4D53-9059-910BA43D416F}"
EndProject
Global
	GlobalSection(SolutionConfigurationPlatforms) = preSolution
		Debug|Any CPU = Debug|Any CPU
		Release|Any CPU = Release|Any CPU
	EndGlobalSection
	GlobalSection(ProjectConfigurationPlatforms) = postSolution
		{7CD7D853-BDB0-4D53-9059-910BA43D416F}.Debug|Any CPU.ActiveCfg = Debug|Any CPU
		{7CD7D853-BDB0-4D53-9059-910BA43D416F}.Debug|Any CPU.Build.0 = Debug|Any CPU
		{7CD7D853-BDB0-4D53-9059-910BA43D416F}.Release|Any CPU.ActiveCfg = Release|Any CPU
		{7CD7D853-BDB0-4D53-9059-910BA43D416F}.Release|Any CPU.Build.0 = Release|Any CPU
	EndGlobalSection
	GlobalSection(SolutionProperties) = preSolution
		HideSolutionNode = FALSE
	EndGlobalSection
	GlobalSection(ExtensibilityGlobals) = postSolution
		SolutionGuid = {2675DC6A-07C9-4B2D-9F2E-CDD1CD3906AB}
	EndGlobalSection
EndGlobal
